Microsoft Visual Studio Solution File, Format Version 12.00
# Visual Studio Version 17
VisualStudioVersion = 17.13.35931.197
MinimumVisualStudioVersion = 10.0.40219.1
Project("{FAE04EC0-301F-11D3-BF4B-00C04F79EFBC}") = "phantom.Core.Restful", "phantom.Core.Restful.csproj", "{620EC8B5-C835-7BFF-9EDC-0AB5A111CD63}"
EndProject
Global
	GlobalSection(SolutionConfigurationPlatforms) = preSolution
		Debug|Any CPU = Debug|Any CPU
		Release|Any CPU = Release|Any CPU
	EndGlobalSection
	GlobalSection(ProjectConfigurationPlatforms) = postSolution
		{620EC8B5-C835-7BFF-9EDC-0AB5A111CD63}.Debug|Any CPU.ActiveCfg = Debug|Any CPU
		{620EC8B5-C835-7BFF-9EDC-0AB5A111CD63}.Debug|Any CPU.Build.0 = Debug|Any CPU
		{620EC8B5-C835-7BFF-9EDC-0AB5A111CD63}.Release|Any CPU.ActiveCfg = Release|Any CPU
		{620EC8B5-C835-7BFF-9EDC-0AB5A111CD63}.Release|Any CPU.Build.0 = Release|Any CPU
	EndGlobalSection
	GlobalSection(SolutionProperties) = preSolution
		HideSolutionNode = FALSE
	EndGlobalSection
	GlobalSection(ExtensibilityGlobals) = postSolution
		SolutionGuid = {7C0B2CD6-017D-4633-A931-7ACBA1BB7DE4}
	EndGlobalSection
EndGlobal
